
Microsoft Visual Studio Solution File, Format Version 12.00
# Visual Studio Version 16
VisualStudioVersion = 16.0.31205.134
MinimumVisualStudioVersion = 10.0.40219.1
Project("{FAE04EC0-301F-11D3-BF4B-00C04F79EFBC}") = "AbstractFactory", "design-patterns\AbstractFactory.csproj", "{B1C897B6-16DA-4A8F-B0E7-86E9685CBA1B}"
EndProject
Project("{2150E333-8FDC-42A3-9474-1A3956D46DE8}") = "Creational", "Creational", "{5C476E37-0E0B-4F74-BFAE-559A13E7439A}"
EndProject
Project("{2150E333-8FDC-42A3-9474-1A3956D46DE8}") = "Structural", "Structural", "{E616259F-C251-4934-B12E-06BEFB728F5C}"
EndProject
Project("{2150E333-8FDC-42A3-9474-1A3956D46DE8}") = "Behavioral", "Behavioral", "{EC68B413-86DB-4575-B95F-C9A477290657}"
EndProject
Global
	GlobalSection(SolutionConfigurationPlatforms) = preSolution
		Debug|Any CPU = Debug|Any CPU
		Release|Any CPU = Release|Any CPU
	EndGlobalSection
	GlobalSection(ProjectConfigurationPlatforms) = postSolution
		{B1C897B6-16DA-4A8F-B0E7-86E9685CBA1B}.Debug|Any CPU.ActiveCfg = Debug|Any CPU
		{B1C897B6-16DA-4A8F-B0E7-86E9685CBA1B}.Debug|Any CPU.Build.0 = Debug|Any CPU
		{B1C897B6-16DA-4A8F-B0E7-86E9685CBA1B}.Release|Any CPU.ActiveCfg = Release|Any CPU
		{B1C897B6-16DA-4A8F-B0E7-86E9685CBA1B}.Release|Any CPU.Build.0 = Release|Any CPU
	EndGlobalSection
	GlobalSection(SolutionProperties) = preSolution
		HideSolutionNode = FALSE
	EndGlobalSection
	GlobalSection(NestedProjects) = preSolution
		{B1C897B6-16DA-4A8F-B0E7-86E9685CBA1B} = {5C476E37-0E0B-4F74-BFAE-559A13E7439A}
	EndGlobalSection
	GlobalSection(ExtensibilityGlobals) = postSolution
		SolutionGuid = {76FF20CB-C8E4-47E6-B4B9-F86261263480}
	EndGlobalSection
EndGlobal
